com.uqbar:vainilla-pacman:jar:0.0.4
junit:junit:jar:4.4
org.jruby:jruby-core:jar:1.7.12
org.ow2.asm:asm:jar:4.0
org.ow2.asm:asm-commons:jar:4.0
org.ow2.asm:asm-tree:jar:4.0
org.ow2.asm:asm-analysis:jar:4.0
org.ow2.asm:asm-util:jar:4.0
org.jruby.joni:joni:jar:2.1.1
com.github.jnr:jnr-netdb:jar:1.1.2
com.github.jnr:jnr-enxio:jar:0.4
com.github.jnr:jnr-x86asm:jar:1.0.2
com.github.jnr:jnr-unixsocket:jar:0.3
com.github.jnr:jnr-posix:jar:3.0.1
org.jruby.extras:bytelist:jar:1.0.11
com.github.jnr:jnr-constants:jar:0.8.5
org.jruby.jcodings:jcodings:jar:1.0.10
com.github.jnr:jnr-ffi:jar:1.0.7
com.github.jnr:jffi:jar:1.2.7
com.github.jnr:jffi:jar:native:1.2.7
org.yaml:snakeyaml:jar:1.13
com.jcraft:jzlib:jar:1.1.2
com.headius:invokebinder:jar:1.2
com.martiansoftware:nailgun-server:jar:0.9.1
org.jruby:yecht:jar:1.0
joda-time:joda-time:jar:2.3
com.headius:options:jar:1.1
